# This file may be used to create an environment using:
# $ conda create --name <env> --file <this file>
# platform: linux-64
# created-by: conda 25.7.0
@EXPLICIT
https://conda.anaconda.org/conda-forge/noarch/_r-mutex-1.0.1-anacondar_1.tar.bz2
https://conda.anaconda.org/conda-forge/noarch/ca-certificates-2025.8.3-hbd8a1cb_0.conda
https://conda.anaconda.org/conda-forge/noarch/font-ttf-dejavu-sans-mono-2.37-hab24e00_0.tar.bz2
https://conda.anaconda.org/conda-forge/noarch/font-ttf-inconsolata-3.000-h77eed37_0.tar.bz2
https://conda.anaconda.org/conda-forge/noarch/font-ttf-source-code-pro-2.038-h77eed37_0.tar.bz2
https://conda.anaconda.org/conda-forge/noarch/font-ttf-ubuntu-0.83-h77eed37_3.conda
https://conda.anaconda.org/conda-forge/noarch/kernel-headers_linux-64-5.14.0-he073ed8_2.conda
https://conda.anaconda.org/conda-forge/linux-64/ld_impl_linux-64-2.44-h1423503_1.conda
https://conda.anaconda.org/conda-forge/noarch/libgcc-devel_linux-64-15.1.0-h4c094af_105.conda
https://conda.anaconda.org/conda-forge/linux-64/libgomp-15.1.0-h767d61c_5.conda
https://conda.anaconda.org/conda-forge/noarch/libstdcxx-devel_linux-64-15.1.0-h4c094af_105.conda
https://conda.anaconda.org/conda-forge/linux-64/llvm-openmp-21.1.0-h4922eb0_0.conda
https://conda.anaconda.org/conda-forge/linux-64/mpi-1.0-openmpi.tar.bz2
https://conda.anaconda.org/conda-forge/linux-64/pandoc-3.7.0.2-ha770c72_0.conda
https://conda.anaconda.org/bioconda/linux-64/pplacer-1.1.alpha19-h9ee0642_2.tar.bz2
https://conda.anaconda.org/conda-forge/noarch/python_abi-3.11-8_cp311.conda
https://conda.anaconda.org/bioconda/linux-64/seqkit-2.10.1-he881be0_0.conda
https://conda.anaconda.org/conda-forge/noarch/tzdata-2025b-h78e105d_0.conda
https://conda.anaconda.org/conda-forge/linux-64/_openmp_mutex-4.5-4_kmp_llvm.conda
https://conda.anaconda.org/conda-forge/noarch/fonts-conda-forge-1-0.tar.bz2
https://conda.anaconda.org/conda-forge/noarch/sysroot_linux-64-2.34-h087de78_2.conda
https://conda.anaconda.org/conda-forge/linux-64/binutils_impl_linux-64-2.44-h4bf12b8_1.conda
https://conda.anaconda.org/conda-forge/noarch/fonts-conda-ecosystem-1-0.tar.bz2
https://conda.anaconda.org/conda-forge/linux-64/libgcc-15.1.0-h767d61c_5.conda
https://conda.anaconda.org/bioconda/linux-64/aragorn-1.2.41-h7b50bb2_5.tar.bz2
https://conda.anaconda.org/conda-forge/linux-64/c-ares-1.34.5-hb9d3cd8_0.conda
https://conda.anaconda.org/bioconda/linux-64/consan-1.2-h7b50bb2_7.tar.bz2
https://conda.anaconda.org/bioconda/linux-64/dialign-tx-1.0.2-h7b50bb2_8.tar.bz2
https://conda.anaconda.org/bioconda/linux-64/fasttree-2.2.0-h7b50bb2_0.conda
https://conda.anaconda.org/conda-forge/linux-64/isa-l-2.31.1-hb9d3cd8_1.conda
https://conda.anaconda.org/bioconda/linux-64/kalign2-2.04-h7b50bb2_8.tar.bz2
https://conda.anaconda.org/conda-forge/linux-64/keyutils-1.6.3-hb9d3cd8_0.conda
https://conda.anaconda.org/conda-forge/linux-64/libbrotlicommon-1.1.0-hb03c661_4.conda
https://conda.anaconda.org/conda-forge/linux-64/libexpat-2.7.1-hecca717_0.conda
https://conda.anaconda.org/conda-forge/linux-64/libffi-3.4.6-h2dba641_1.conda
https://conda.anaconda.org/conda-forge/linux-64/libgcc-ng-15.1.0-h69a702a_5.conda
https://conda.anaconda.org/conda-forge/linux-64/libgfortran5-15.1.0-hcea5267_5.conda
https://conda.anaconda.org/conda-forge/linux-64/libiconv-1.18-h3b78370_2.conda
https://conda.anaconda.org/conda-forge/linux-64/libjpeg-turbo-3.1.0-hb9d3cd8_0.conda
https://conda.anaconda.org/conda-forge/linux-64/liblzma-5.8.1-hb9d3cd8_2.conda
https://conda.anaconda.org/conda-forge/linux-64/libnsl-2.0.1-hb9d3cd8_1.conda
https://conda.anaconda.org/conda-forge/linux-64/libstdcxx-15.1.0-h8f9b012_5.conda
https://conda.anaconda.org/conda-forge/linux-64/libtasn1-4.20.0-hb9d3cd8_0.conda
https://conda.anaconda.org/conda-forge/linux-64/libuv-1.51.0-hb03c661_1.conda
https://conda.anaconda.org/conda-forge/linux-64/libwebp-base-1.6.0-hd42ef1d_0.conda
https://conda.anaconda.org/conda-forge/linux-64/make-4.4.1-hb9d3cd8_2.conda
https://conda.anaconda.org/conda-forge/linux-64/ncurses-6.5-h2d0b736_3.conda
https://conda.anaconda.org/conda-forge/linux-64/openssl-3.5.2-h26f9b46_0.conda
https://conda.anaconda.org/bioconda/linux-64/paml-4.10.9-h7b50bb2_1.conda
https://conda.anaconda.org/bioconda/linux-64/prodigal-2.6.3-h7b50bb2_10.tar.bz2
https://conda.anaconda.org/conda-forge/linux-64/pthread-stubs-0.4-hb9d3cd8_1002.conda
https://conda.anaconda.org/bioconda/linux-64/rasusa-2.1.1-hc1c3326_0.tar.bz2
https://conda.anaconda.org/bioconda/linux-64/raxml-8.2.13-h7b50bb2_3.tar.bz2
https://conda.anaconda.org/bioconda/linux-64/sap-1.1.3-h7b50bb2_5.tar.bz2
https://conda.anaconda.org/conda-forge/linux-64/sed-4.9-h6688a6e_0.conda
https://conda.anaconda.org/conda-forge/linux-64/xorg-inputproto-2.3.2-hb9d3cd8_1003.conda
https://conda.anaconda.org/conda-forge/linux-64/xorg-kbproto-1.0.7-hb9d3cd8_1003.conda
https://conda.anaconda.org/conda-forge/linux-64/xorg-libice-1.1.2-hb9d3cd8_0.conda
https://conda.anaconda.org/conda-forge/linux-64/xorg-libxau-1.0.12-hb9d3cd8_0.conda
https://conda.anaconda.org/conda-forge/linux-64/xorg-libxdmcp-1.1.5-hb9d3cd8_0.conda
https://conda.anaconda.org/conda-forge/linux-64/xorg-recordproto-1.14.2-hb9d3cd8_1003.conda
https://conda.anaconda.org/conda-forge/linux-64/xorg-renderproto-0.11.1-hb9d3cd8_1003.conda
https://conda.anaconda.org/conda-forge/linux-64/xorg-xextproto-7.3.0-hb9d3cd8_1004.conda
https://conda.anaconda.org/conda-forge/linux-64/xorg-xproto-7.0.31-hb9d3cd8_1008.conda
https://conda.anaconda.org/conda-forge/linux-64/yaml-0.2.5-h280c20c_3.conda
https://conda.anaconda.org/conda-forge/linux-64/alsa-lib-1.2.11-hd590300_1.conda
https://conda.anaconda.org/conda-forge/linux-64/argtable2-2.13-hd590300_1004.conda
https://conda.anaconda.org/conda-forge/linux-64/bzip2-1.0.8-h4bc722e_7.conda
https://conda.anaconda.org/bioconda/linux-64/clustalw-2.1-h9948957_12.tar.bz2
https://conda.anaconda.org/conda-forge/linux-64/expat-2.7.1-hecca717_0.conda
https://conda.anaconda.org/bioconda/linux-64/famsa-2.2.3-h9948957_1.tar.bz2
https://conda.anaconda.org/conda-forge/linux-64/fribidi-1.0.10-h36c2ea0_0.tar.bz2
https://conda.anaconda.org/conda-forge/linux-64/giflib-5.2.2-hd590300_0.conda
https://conda.anaconda.org/conda-forge/linux-64/graphite2-1.3.14-hecca717_2.conda
https://conda.anaconda.org/conda-forge/linux-64/lerc-4.0.0-h0aef613_1.conda
https://conda.anaconda.org/conda-forge/linux-64/libaec-1.1.4-h3f801dc_0.conda
https://conda.anaconda.org/conda-forge/linux-64/libasprintf-0.25.1-h3f43e3d_1.conda
https://conda.anaconda.org/conda-forge/linux-64/libbrotlidec-1.1.0-hb03c661_4.conda
https://conda.anaconda.org/conda-forge/linux-64/libbrotlienc-1.1.0-hb03c661_4.conda
https://conda.anaconda.org/conda-forge/linux-64/libdeflate-1.20-hd590300_0.conda
https://conda.anaconda.org/conda-forge/linux-64/libedit-3.1.20250104-pl5321h7949ede_0.conda
https://conda.anaconda.org/conda-forge/linux-64/libev-4.33-hd590300_2.conda
https://conda.anaconda.org/conda-forge/linux-64/libgettextpo-0.25.1-h3f43e3d_1.conda
https://conda.anaconda.org/conda-forge/linux-64/libgfortran-15.1.0-h69a702a_5.conda
https://conda.anaconda.org/conda-forge/linux-64/libidn11-1.34-h1cef754_0.tar.bz2
https://conda.anaconda.org/conda-forge/linux-64/liblzma-devel-5.8.1-hb9d3cd8_2.conda
https://conda.anaconda.org/conda-forge/linux-64/libsanitizer-15.1.0-h97b714f_5.conda
https://conda.anaconda.org/conda-forge/linux-64/libstdcxx-ng-15.1.0-h4852527_5.conda
https://conda.anaconda.org/conda-forge/linux-64/libunistring-0.9.10-h7f98852_0.tar.bz2
https://conda.anaconda.org/conda-forge/linux-64/libuuid-2.38.1-h0b41bf4_0.conda
https://conda.anaconda.org/conda-forge/linux-64/libxcb-1.15-h0b41bf4_0.conda
https://conda.anaconda.org/conda-forge/linux-64/libxcrypt-4.4.36-hd590300_1.conda
https://conda.anaconda.org/conda-forge/linux-64/libzlib-1.2.13-h4ab18f5_6.conda
https://conda.anaconda.org/bioconda/linux-64/muscle-3.8.1551-h9948957_9.tar.bz2
https://conda.anaconda.org/bioconda/linux-64/mustang-3.2.4-h9948957_0.tar.bz2
https://conda.anaconda.org/bioconda/linux-64/ncbi-vdb-3.2.1-h9948957_0.tar.bz2
https://conda.anaconda.org/conda-forge/linux-64/p11-kit-0.24.1-hc5aa10d_0.tar.bz2
https://conda.anaconda.org/bioconda/linux-64/piler-cr-1.06-h9948957_6.tar.bz2
https://conda.anaconda.org/conda-forge/linux-64/pixman-0.46.4-h54a6638_1.conda
https://conda.anaconda.org/conda-forge/linux-64/pkg-config-0.29.2-h4bc722e_1009.conda
https://conda.anaconda.org/bioconda/linux-64/prank-170427-h9948957_1.tar.bz2
https://conda.anaconda.org/bioconda/linux-64/proda-1.0-h503566f_7.tar.bz2
https://conda.anaconda.org/conda-forge/linux-64/readline-8.2-h8c095d6_2.conda
https://conda.anaconda.org/bioconda/linux-64/skani-0.3.0-ha6fb395_0.conda
https://conda.anaconda.org/conda-forge/linux-64/sleef-3.9.0-ha0421bc_0.conda
https://conda.anaconda.org/conda-forge/linux-64/tar-1.35-h3b78370_0.conda
https://conda.anaconda.org/bioconda/linux-64/tmalign-20220227-h9948957_0.tar.bz2
https://conda.anaconda.org/conda-forge/linux-64/xorg-fixesproto-5.0-hb9d3cd8_1003.conda
https://conda.anaconda.org/conda-forge/linux-64/xz-gpl-tools-5.8.1-hbcc6ac9_2.conda
https://conda.anaconda.org/conda-forge/linux-64/xz-tools-5.8.1-hb9d3cd8_2.conda
https://conda.anaconda.org/conda-forge/linux-64/zlib-ng-2.2.5-hde8ca8f_0.conda
https://conda.anaconda.org/conda-forge/linux-64/brotli-bin-1.1.0-hb03c661_4.conda
https://conda.anaconda.org/conda-forge/linux-64/capnproto-1.0.2-h2b92303_1.conda
https://conda.anaconda.org/bioconda/linux-64/clustalo-1.2.4-h503566f_9.tar.bz2
https://conda.anaconda.org/bioconda/linux-64/diamond-2.1.10-h43eeafb_2.tar.bz2
https://conda.anaconda.org/conda-forge/linux-64/gcc_impl_linux-64-15.1.0-h4393ad2_5.conda
https://conda.anaconda.org/conda-forge/linux-64/gmp-6.3.0-hac33072_2.conda
https://conda.anaconda.org/conda-forge/linux-64/icu-73.2-h59595ed_0.conda
https://conda.anaconda.org/conda-forge/linux-64/krb5-1.21.3-h659f571_0.conda
https://conda.anaconda.org/conda-forge/linux-64/libabseil-20240116.2-cxx17_he02047a_1.conda
https://conda.anaconda.org/conda-forge/linux-64/libdb-6.2.32-h9c3ff4c_0.tar.bz2
https://conda.anaconda.org/conda-forge/linux-64/libgfortran-ng-15.1.0-h69a702a_5.conda
https://conda.anaconda.org/conda-forge/linux-64/libidn2-2.3.8-ha4ef2c3_0.conda
https://conda.anaconda.org/conda-forge/linux-64/libnghttp2-1.58.0-h47da74e_1.conda
https://conda.anaconda.org/conda-forge/linux-64/libopenblas-0.3.30-pthreads_h94d23a6_2.conda
https://conda.anaconda.org/conda-forge/linux-64/libpng-1.6.43-h2797004_0.conda
https://conda.anaconda.org/conda-forge/linux-64/libsqlite-3.46.0-hde9e2c9_0.conda
https://conda.anaconda.org/conda-forge/linux-64/pbzip2-1.1.13-h1fcc475_2.conda
https://conda.anaconda.org/conda-forge/linux-64/pcre-8.45-h9c3ff4c_0.tar.bz2
https://conda.anaconda.org/conda-forge/linux-64/pcre2-10.43-hcad00b1_0.conda
https://conda.anaconda.org/conda-forge/linux-64/perl-5.32.1-7_hd590300_perl5.conda
https://conda.anaconda.org/conda-forge/linux-64/pigz-2.8-h2797004_0.conda
https://conda.anaconda.org/bioconda/linux-64/probconsrna-1.10-h9f5acd7_4.tar.bz2
https://conda.anaconda.org/conda-forge/linux-64/qhull-2020.2-h434a139_5.conda
https://conda.anaconda.org/conda-forge/linux-64/tk-8.6.13-noxft_h4845f30_101.conda
https://conda.anaconda.org/conda-forge/linux-64/xorg-libsm-1.2.6-he73a12e_0.conda
https://conda.anaconda.org/conda-forge/linux-64/xorg-libx11-1.8.9-h8ee46fc_0.conda
https://conda.anaconda.org/conda-forge/linux-64/xz-5.8.1-hbcc6ac9_2.conda
https://conda.anaconda.org/conda-forge/linux-64/zlib-1.2.13-h4ab18f5_6.conda
https://conda.anaconda.org/conda-forge/linux-64/zstd-1.5.6-ha6fb4c9_0.conda
https://conda.anaconda.org/bioconda/linux-64/bedtools-2.31.1-hf5e1c6e_2.tar.bz2
https://conda.anaconda.org/conda-forge/linux-64/brotli-1.1.0-hb03c661_4.conda
https://conda.anaconda.org/bioconda/linux-64/bwa-0.7.18-he4a0461_1.tar.bz2
https://conda.anaconda.org/conda-forge/linux-64/bwidget-1.10.1-ha770c72_1.conda
https://conda.anaconda.org/conda-forge/linux-64/freetype-2.12.1-h267a509_2.conda
https://conda.anaconda.org/conda-forge/linux-64/gfortran_impl_linux-64-15.1.0-h3b9cdf2_5.conda
https://conda.anaconda.org/conda-forge/linux-64/glpk-5.0-h445213a_0.tar.bz2
https://conda.anaconda.org/conda-forge/linux-64/gxx_impl_linux-64-15.1.0-h6a1bac1_5.conda
https://conda.anaconda.org/bioconda/linux-64/infernal-1.1.5-pl5321h7b50bb2_4.tar.bz2
https://conda.anaconda.org/bioconda/linux-64/k8-0.2.5-hdcf5f25_4.tar.bz2
https://conda.anaconda.org/conda-forge/linux-64/libblas-3.9.0-35_h59b9bed_openblas.conda
https://conda.anaconda.org/conda-forge/linux-64/libcups-2.3.3-h4637d8d_4.conda
https://conda.anaconda.org/conda-forge/linux-64/libglib-2.80.2-hf974151_0.conda
https://conda.anaconda.org/conda-forge/linux-64/libprotobuf-4.25.3-h08a7969_0.conda
https://conda.anaconda.org/conda-forge/linux-64/libre2-11-2023.09.01-h5a48ba9_2.conda
https://repo.anaconda.com/pkgs/main/linux-64/libssh2-1.11.1-h251f7ec_0.conda
https://conda.anaconda.org/conda-forge/linux-64/libtiff-4.6.0-h1dd3fc0_3.conda
https://repo.anaconda.com/pkgs/main/linux-64/libxml2-2.13.8-hfdd30dd_0.conda
https://conda.anaconda.org/bioconda/linux-64/miniasm-0.3-he4a0461_3.tar.bz2
https://conda.anaconda.org/conda-forge/linux-64/mpfr-4.2.1-h90cbb55_3.conda
https://conda.anaconda.org/bioconda/linux-64/mummer-3.23-pl5321h503566f_21.tar.bz2
https://conda.anaconda.org/conda-forge/linux-64/nettle-3.10.1-h4a9d5aa_0.conda
https://conda.anaconda.org/conda-forge/linux-64/openmpi-4.1.6-hc5af2df_101.conda
https://conda.anaconda.org/conda-forge/linux-64/parallel-20250822-ha770c72_0.conda
https://conda.anaconda.org/conda-forge/noarch/perl-algorithm-diff-1.201-pl5321hd8ed1ab_0.tar.bz2
https://conda.anaconda.org/conda-forge/linux-64/perl-b-cow-0.007-pl5321hb9d3cd8_1.conda
https://conda.anaconda.org/conda-forge/noarch/perl-base-2.23-pl5321hd8ed1ab_0.tar.bz2
https://conda.anaconda.org/conda-forge/linux-64/perl-class-data-inheritable-0.09-pl5321ha770c72_0.conda
https://conda.anaconda.org/conda-forge/noarch/perl-common-sense-3.75-pl5321hd8ed1ab_0.tar.bz2
https://conda.anaconda.org/conda-forge/linux-64/perl-compress-raw-bzip2-2.213-pl5321hda65f42_0.conda
https://conda.anaconda.org/conda-forge/linux-64/perl-compress-raw-zlib-2.213-pl5321h4dac143_0.conda
https://conda.anaconda.org/conda-forge/noarch/perl-constant-1.33-pl5321hd8ed1ab_0.tar.bz2
https://conda.anaconda.org/bioconda/linux-64/perl-data-dump-1.25-pl5321h7b50bb2_2.tar.bz2
https://conda.anaconda.org/conda-forge/linux-64/perl-data-dumper-2.183-pl5321hb9d3cd8_1.conda
https://conda.anaconda.org/conda-forge/linux-64/perl-db_file-1.858-pl5321hb9d3cd8_0.conda
https://conda.anaconda.org/conda-forge/linux-64/perl-devel-stacktrace-2.04-pl5321h296ab09_0.conda
https://conda.anaconda.org/bioconda/noarch/perl-digest-hmac-1.05-pl5321hdfd78af_0.conda
https://conda.anaconda.org/conda-forge/linux-64/perl-digest-md5-2.59-pl5321hb9d3cd8_3.conda
https://conda.anaconda.org/conda-forge/noarch/perl-exporter-5.74-pl5321hd8ed1ab_0.tar.bz2
https://conda.anaconda.org/conda-forge/noarch/perl-exporter-tiny-1.002002-pl5321hd8ed1ab_0.tar.bz2
https://conda.anaconda.org/conda-forge/noarch/perl-extutils-makemaker-7.70-pl5321hd8ed1ab_0.conda
https://conda.anaconda.org/bioconda/noarch/perl-file-sort-1.01-pl5321hdfd78af_3.tar.bz2
https://conda.anaconda.org/bioconda/noarch/perl-file-spec-3.48_01-pl5321hdfd78af_2.tar.bz2
https://conda.anaconda.org/bioconda/noarch/perl-getopt-long-2.58-pl5321hdfd78af_0.tar.bz2
https://conda.anaconda.org/bioconda/noarch/perl-html-tagset-3.24-pl5321hdfd78af_0.tar.bz2
https://conda.anaconda.org/conda-forge/linux-64/perl-inc-latest-0.500-pl5321ha770c72_0.conda
https://conda.anaconda.org/bioconda/noarch/perl-io-html-1.004-pl5321hdfd78af_0.tar.bz2
https://conda.anaconda.org/bioconda/noarch/perl-io-string-1.08-pl5321hdfd78af_4.tar.bz2
https://conda.anaconda.org/conda-forge/linux-64/perl-io-tty-1.20-pl5321hb9d3cd8_3.conda
https://conda.anaconda.org/bioconda/noarch/perl-io-zlib-1.15-pl5321hdfd78af_1.tar.bz2
https://conda.anaconda.org/bioconda/linux-64/perl-list-moreutils-xs-0.430-pl5321h7b50bb2_5.tar.bz2
https://conda.anaconda.org/conda-forge/linux-64/perl-mime-base64-3.16-pl5321hb9d3cd8_3.conda
https://conda.anaconda.org/bioconda/noarch/perl-module-load-0.34-pl5321hdfd78af_0.tar.bz2
https://conda.anaconda.org/bioconda/noarch/perl-mozilla-ca-20250602-pl5321hdfd78af_0.conda
https://conda.anaconda.org/conda-forge/noarch/perl-parent-0.243-pl5321hd8ed1ab_0.conda
https://conda.anaconda.org/conda-forge/linux-64/perl-scalar-list-utils-1.70-pl5321hb03c661_0.conda
https://conda.anaconda.org/bioconda/linux-64/perl-socket-2.027-pl5321h5c03b87_6.tar.bz2
https://conda.anaconda.org/conda-forge/linux-64/perl-storable-3.15-pl5321hb9d3cd8_2.conda
https://conda.anaconda.org/conda-forge/linux-64/perl-sub-uplevel-0.2800-pl5321hb9d3cd8_0.conda
https://conda.anaconda.org/conda-forge/noarch/perl-test-deep-1.130-pl5321hd8ed1ab_0.tar.bz2
https://conda.anaconda.org/conda-forge/noarch/perl-test-needs-0.002009-pl5321hd8ed1ab_0.tar.bz2
https://conda.anaconda.org/conda-forge/linux-64/perl-test-warnings-0.031-pl5321ha770c72_0.conda
https://conda.anaconda.org/bioconda/noarch/perl-timedate-2.33-pl5321hdfd78af_2.tar.bz2
https://conda.anaconda.org/conda-forge/linux-64/perl-try-tiny-0.32-pl5321ha770c72_1.conda
https://conda.anaconda.org/bioconda/linux-64/perl-url-encode-0.03-pl5321h9ee0642_1.tar.bz2
https://conda.anaconda.org/conda-forge/linux-64/perl-xml-parser-2.44_01-pl5321hf2e2c51_1004.conda
https://conda.anaconda.org/bioconda/noarch/perl-xml-regexp-0.04-pl5321hdfd78af_3.tar.bz2
https://conda.anaconda.org/conda-forge/noarch/perl-xml-sax-base-1.09-pl5321hd8ed1ab_0.tar.bz2
https://conda.anaconda.org/bioconda/noarch/perl-xml-xpathengine-0.14-pl5321hdfd78af_3.tar.bz2
https://conda.anaconda.org/bioconda/linux-64/probcons-1.12-h8b12597_1.tar.bz2
https://conda.anaconda.org/conda-forge/linux-64/python-3.11.0-he550d4f_1_cpython.conda
https://conda.anaconda.org/bioconda/linux-64/rpsbproc-0.5.0-h6a68c12_1.tar.bz2
https://conda.anaconda.org/bioconda/linux-64/tbl2asn-forever-25.7.2f-h7b50bb2_6.tar.bz2
https://conda.anaconda.org/conda-forge/linux-64/tktable-2.10-h8d826fa_7.conda
https://conda.anaconda.org/conda-forge/linux-64/wget-1.21.4-hda4d442_0.conda
https://conda.anaconda.org/conda-forge/linux-64/xorg-libxext-1.3.4-h0b41bf4_2.conda
https://conda.anaconda.org/conda-forge/linux-64/xorg-libxfixes-5.0.3-h7f98852_1004.tar.bz2
https://conda.anaconda.org/conda-forge/linux-64/xorg-libxrender-0.9.11-hd590300_0.conda
https://conda.anaconda.org/conda-forge/linux-64/xorg-libxt-1.3.0-hd590300_1.conda
https://conda.anaconda.org/conda-forge/noarch/about-time-4.2.1-pyhd8ed1ab_1.conda
https://conda.anaconda.org/conda-forge/noarch/archspec-0.2.5-pyhd8ed1ab_0.conda
https://conda.anaconda.org/conda-forge/linux-64/brotli-python-1.1.0-py311h1ddb823_4.conda
https://conda.anaconda.org/conda-forge/noarch/cached_property-1.5.2-pyha770c72_1.tar.bz2
https://conda.anaconda.org/conda-forge/noarch/certifi-2025.8.3-pyhd8ed1ab_0.conda
https://conda.anaconda.org/conda-forge/noarch/charset-normalizer-3.4.3-pyhd8ed1ab_0.conda
https://conda.anaconda.org/conda-forge/noarch/colorama-0.4.6-pyhd8ed1ab_1.conda
https://conda.anaconda.org/conda-forge/noarch/cpython-3.11.13-py311hd8ed1ab_0.conda
https://conda.anaconda.org/conda-forge/noarch/cycler-0.12.1-pyhd8ed1ab_1.conda
https://conda.anaconda.org/bioconda/noarch/dendropy-5.0.8-pyhdfd78af_1.tar.bz2
https://conda.anaconda.org/bioconda/linux-64/entrez-direct-22.4-he881be0_0.tar.bz2
https://conda.anaconda.org/conda-forge/noarch/filelock-3.19.1-pyhd8ed1ab_0.conda
https://conda.anaconda.org/bioconda/linux-64/flye-2.9.5-py311hc849397_1.tar.bz2
https://conda.anaconda.org/conda-forge/linux-64/fontconfig-2.14.2-h14ed4e7_0.conda
https://conda.anaconda.org/conda-forge/noarch/fsspec-2025.9.0-pyhd8ed1ab_0.conda
https://conda.anaconda.org/conda-forge/linux-64/gawk-5.3.1-hcd3d067_0.conda
https://conda.anaconda.org/conda-forge/linux-64/gnutls-3.8.9-h86084c0_1.conda
https://conda.anaconda.org/conda-forge/noarch/grapheme-0.6.0-pyhd8ed1ab_1.conda
https://conda.anaconda.org/conda-forge/noarch/hpack-4.1.0-pyhd8ed1ab_0.conda
https://conda.anaconda.org/conda-forge/noarch/hyperframe-6.1.0-pyhd8ed1ab_0.conda
https://conda.anaconda.org/conda-forge/noarch/idna-3.10-pyhd8ed1ab_1.conda
https://conda.anaconda.org/conda-forge/linux-64/kiwisolver-1.4.9-py311h724c32c_1.conda
https://conda.anaconda.org/conda-forge/linux-64/lcms2-2.16-hb7c19ff_0.conda
https://conda.anaconda.org/conda-forge/linux-64/libcblas-3.9.0-35_he106b2a_openblas.conda
https://repo.anaconda.com/pkgs/main/linux-64/libcurl-8.15.0-hc1efc7f_0.conda
https://conda.anaconda.org/conda-forge/linux-64/libhwloc-2.12.1-default_h3d81e11_1000.conda
https://conda.anaconda.org/conda-forge/linux-64/liblapack-3.9.0-35_h7ac8fdf_openblas.conda
https://conda.anaconda.org/bioconda/linux-64/mappy-2.28-py311h0152c62_2.tar.bz2
https://conda.anaconda.org/conda-forge/linux-64/markupsafe-3.0.2-py311h2dc5d0c_1.conda
https://conda.anaconda.org/bioconda/linux-64/megahit-1.2.9-h43eeafb_5.tar.bz2
https://conda.anaconda.org/bioconda/linux-64/minimap2-2.28-he4a0461_3.tar.bz2
https://conda.anaconda.org/conda-forge/linux-64/mpc-1.3.1-h24ddda3_1.conda
https://conda.anaconda.org/conda-forge/noarch/mpmath-1.3.0-pyhd8ed1ab_1.conda
https://conda.anaconda.org/conda-forge/noarch/munkres-1.1.4-pyhd8ed1ab_1.conda
https://conda.anaconda.org/conda-forge/noarch/networkx-3.5-pyhe01879c_0.conda
https://conda.anaconda.org/conda-forge/linux-64/openjpeg-2.5.2-h488ebb8_0.conda
https://conda.anaconda.org/conda-forge/noarch/packaging-25.0-pyh29332c3_1.conda
https://conda.anaconda.org/bioconda/noarch/perl-bioperl-core-1.7.8-pl5321hdfd78af_1.tar.bz2
https://conda.anaconda.org/conda-forge/noarch/perl-carp-1.50-pl5321hd8ed1ab_0.tar.bz2
https://conda.anaconda.org/conda-forge/linux-64/perl-clone-0.46-pl5321hb9d3cd8_1.conda
https://conda.anaconda.org/conda-forge/linux-64/perl-encode-3.21-pl5321hb9d3cd8_1.conda
https://conda.anaconda.org/conda-forge/linux-64/perl-exception-class-1.45-pl5321ha770c72_0.conda
https://conda.anaconda.org/conda-forge/noarch/perl-file-path-2.18-pl5321hd8ed1ab_0.tar.bz2
https://conda.anaconda.org/bioconda/noarch/perl-ipc-run-20250809.0-pl5321hdfd78af_0.conda
https://conda.anaconda.org/bioconda/noarch/perl-libxml-perl-0.08-pl5321hdfd78af_3.tar.bz2
https://conda.anaconda.org/bioconda/noarch/perl-list-moreutils-0.430-pl5321hdfd78af_0.tar.bz2
https://conda.anaconda.org/conda-forge/linux-64/perl-module-build-0.4234-pl5321ha770c72_1.conda
https://conda.anaconda.org/conda-forge/linux-64/perl-net-ssleay-1.92-pl5321hf14f497_1.tar.bz2
https://conda.anaconda.org/bioconda/noarch/perl-ntlm-1.09-pl5321hdfd78af_5.tar.bz2
https://conda.anaconda.org/conda-forge/noarch/perl-test-exception-0.43-pl5321hd8ed1ab_0.tar.bz2
https://conda.anaconda.org/bioconda/noarch/perl-test-requiresinternet-0.05-pl5321hdfd78af_1.tar.bz2
https://conda.anaconda.org/conda-forge/noarch/perl-test-warn-0.37-pl5321hd8ed1ab_0.tar.bz2
https://conda.anaconda.org/conda-forge/noarch/perl-text-diff-1.45-pl5321hd8ed1ab_0.tar.bz2
https://conda.anaconda.org/bioconda/noarch/perl-types-serialiser-1.01-pl5321hdfd78af_0.tar.bz2
https://conda.anaconda.org/conda-forge/noarch/perl-xml-namespacesupport-1.12-pl5321hd8ed1ab_0.tar.bz2
https://conda.anaconda.org/bioconda/linux-64/porechop-0.2.4-py311he264feb_9.tar.bz2
https://conda.anaconda.org/conda-forge/noarch/progressbar33-2.4-pyhd8ed1ab_1.conda
https://conda.anaconda.org/conda-forge/linux-64/psutil-7.0.0-py311h49ec1c0_1.conda
https://conda.anaconda.org/bioconda/linux-64/pyabpoa-1.5.3-py311h0152c62_0.tar.bz2
https://conda.anaconda.org/conda-forge/noarch/pycparser-2.22-pyh29332c3_1.conda
https://conda.anaconda.org/conda-forge/noarch/pyparsing-3.2.3-pyhe01879c_2.conda
https://conda.anaconda.org/conda-forge/noarch/pysocks-1.7.1-pyha55dd90_7.conda
https://conda.anaconda.org/bioconda/linux-64/pyspoa-0.2.1-py311hc849397_3.tar.bz2
https://conda.anaconda.org/bioconda/linux-64/python-edlib-1.3.9.post1-py311he264feb_2.tar.bz2
https://conda.anaconda.org/conda-forge/linux-64/python-isal-1.7.2-py311h9ecbd09_0.conda
https://conda.anaconda.org/conda-forge/noarch/python-tzdata-2025.2-pyhd8ed1ab_0.conda
https://conda.anaconda.org/conda-forge/linux-64/python-zlib-ng-0.5.1-py311h1a83624_0.conda
https://conda.anaconda.org/conda-forge/noarch/pytz-2025.2-pyhd8ed1ab_0.conda
https://conda.anaconda.org/conda-forge/linux-64/pyyaml-6.0.2-py311h2dc5d0c_2.conda
https://conda.anaconda.org/bioconda/linux-64/racon-1.5.0-hdcf5f25_5.tar.bz2
https://conda.anaconda.org/conda-forge/linux-64/re2-2023.09.01-h7f4b329_2.conda
https://conda.anaconda.org/conda-forge/noarch/setuptools-80.9.0-pyhff2d567_0.conda
https://conda.anaconda.org/conda-forge/noarch/six-1.17.0-pyhe01879c_1.conda
https://conda.anaconda.org/conda-forge/noarch/sniffio-1.3.1-pyhd8ed1ab_1.conda
https://conda.anaconda.org/conda-forge/noarch/sortedcontainers-2.4.0-pyhd8ed1ab_1.conda
https://conda.anaconda.org/bioconda/linux-64/spades-4.0.0-h6dccd9a_3.tar.bz2
https://conda.anaconda.org/bioconda/linux-64/trnascan-se-2.0.12-pl5321h7b50bb2_2.tar.bz2
https://conda.anaconda.org/conda-forge/noarch/typing_extensions-4.15.0-pyhcf101f3_0.conda
https://conda.anaconda.org/conda-forge/linux-64/unicodedata2-16.0.0-py311h49ec1c0_1.conda
https://conda.anaconda.org/conda-forge/noarch/wheel-0.45.1-pyhd8ed1ab_1.conda
https://conda.anaconda.org/conda-forge/linux-64/wrapt-1.17.3-py311h49ec1c0_1.conda
https://conda.anaconda.org/conda-forge/noarch/wurlitzer-3.1.1-pyhd8ed1ab_1.conda
https://conda.anaconda.org/conda-forge/linux-64/xorg-libxi-1.7.10-h4bc722e_1.conda
https://conda.anaconda.org/conda-forge/noarch/alive-progress-3.0.1-pyhd8ed1ab_0.conda
https://conda.anaconda.org/bioconda/linux-64/blast-legacy-2.2.26-hf7ff83a_5.tar.bz2
https://conda.anaconda.org/conda-forge/noarch/cached-property-1.5.2-hd8ed1ab_1.tar.bz2
https://conda.anaconda.org/conda-forge/linux-64/cairo-1.18.0-h3faef2a_0.conda
https://conda.anaconda.org/conda-forge/linux-64/cffi-1.17.1-py311h5b438cf_1.conda
https://repo.anaconda.com/pkgs/main/linux-64/curl-8.15.0-h14366f7_0.conda
https://conda.anaconda.org/conda-forge/noarch/deprecated-1.2.18-pyhd8ed1ab_0.conda
https://conda.anaconda.org/conda-forge/noarch/dnspython-2.7.0-pyhff2d567_1.conda
https://conda.anaconda.org/conda-forge/linux-64/fonttools-4.59.2-py311h3778330_0.conda
https://conda.anaconda.org/conda-forge/linux-64/git-2.45.1-pl5321hef9f9f3_0.conda
https://conda.anaconda.org/conda-forge/linux-64/gmpy2-2.2.1-py311h92a432a_1.conda
https://conda.anaconda.org/conda-forge/linux-64/gsl-2.7-he838d99_0.tar.bz2
https://conda.anaconda.org/conda-forge/noarch/h2-4.3.0-pyhcf101f3_0.conda
https://conda.anaconda.org/conda-forge/linux-64/hdf5-1.14.3-nompi_hdf9ad27_105.conda
https://conda.anaconda.org/bioconda/linux-64/htslib-1.21-h5efdd21_0.tar.bz2
https://conda.anaconda.org/conda-forge/noarch/intervaltree-3.1.0-pyhd8ed1ab_1.conda
https://conda.anaconda.org/conda-forge/noarch/jinja2-3.1.6-pyhd8ed1ab_0.conda
https://conda.anaconda.org/conda-forge/linux-64/libgrpc-1.62.2-h15f2491_0.conda
https://conda.anaconda.org/conda-forge/linux-64/mafft-7.526-h4bc722e_0.conda
https://conda.anaconda.org/conda-forge/linux-64/numpy-1.26.4-py311h64a7726_0.conda
https://conda.anaconda.org/bioconda/linux-64/perl-bio-samtools-1.43-pl5321he4a0461_4.tar.bz2
https://conda.anaconda.org/bioconda/noarch/perl-bio-searchio-hmmer-1.7.3-pl5321hdfd78af_0.tar.bz2
https://conda.anaconda.org/conda-forge/noarch/perl-business-isbn-data-20210112.006-pl5321hd8ed1ab_0.tar.bz2
https://conda.anaconda.org/bioconda/noarch/perl-encode-locale-1.05-pl5321hdfd78af_7.tar.bz2
https://conda.anaconda.org/bioconda/noarch/perl-file-slurper-0.014-pl5321hdfd78af_0.tar.bz2
https://conda.anaconda.org/conda-forge/noarch/perl-file-temp-0.2304-pl5321hd8ed1ab_0.tar.bz2
https://conda.anaconda.org/bioconda/linux-64/perl-io-compress-2.213-pl5321h503566f_0.conda
https://conda.anaconda.org/conda-forge/noarch/perl-io-socket-ssl-2.075-pl5321hd8ed1ab_0.tar.bz2
https://conda.anaconda.org/bioconda/linux-64/perl-json-xs-4.03-pl5321h9948957_4.tar.bz2
https://conda.anaconda.org/bioconda/noarch/perl-lwp-mediatypes-6.04-pl5321hdfd78af_1.tar.bz2
https://conda.anaconda.org/conda-forge/linux-64/perl-pathtools-3.75-pl5321hb9d3cd8_2.conda
https://conda.anaconda.org/conda-forge/linux-64/perl-test-differences-0.72-pl5321ha770c72_0.conda
https://conda.anaconda.org/bioconda/noarch/perl-test-fatal-0.016-pl5321hdfd78af_0.tar.bz2
https://conda.anaconda.org/bioconda/noarch/perl-time-local-1.35-pl5321hdfd78af_0.tar.bz2
https://conda.anaconda.org/conda-forge/linux-64/pillow-10.3.0-py311h18e6fac_0.conda
https://conda.anaconda.org/conda-forge/noarch/pip-25.2-pyh8b19718_0.conda
https://conda.anaconda.org/conda-forge/noarch/pydantic-1.10.22-pyh3cfb1c2_0.conda
https://conda.anaconda.org/bioconda/linux-64/pyhmmer-0.11.1-py311haab0aaa_2.tar.bz2
https://conda.anaconda.org/bioconda/linux-64/pyrodigal-3.6.3.post1-py311haab0aaa_1.tar.bz2
https://conda.anaconda.org/bioconda/linux-64/pysam-0.22.1-py311h1f0e11c_2.tar.bz2
https://conda.anaconda.org/conda-forge/noarch/python-dateutil-2.9.0.post0-pyhe01879c_2.conda
https://conda.anaconda.org/conda-forge/linux-64/tbb-2021.13.0-hb60516a_3.conda
https://conda.anaconda.org/conda-forge/noarch/tqdm-4.67.1-pyhd8ed1ab_1.conda
https://conda.anaconda.org/conda-forge/linux-64/xorg-libxtst-1.2.5-h4bc722e_0.conda
https://conda.anaconda.org/bioconda/linux-64/bcftools-1.21-h8b25389_0.tar.bz2
https://conda.anaconda.org/conda-forge/linux-64/biopython-1.85-py311h49ec1c0_2.conda
https://conda.anaconda.org/conda-forge/linux-64/contourpy-1.3.3-py311hdf67eae_2.conda
https://conda.anaconda.org/bioconda/linux-64/fastani-1.34-h4dfc31f_4.tar.bz2
https://conda.anaconda.org/conda-forge/linux-64/grpcio-1.62.2-py311ha6695c7_0.conda
https://conda.anaconda.org/conda-forge/linux-64/h5py-3.13.0-nompi_py311hb639ac4_100.conda
https://conda.anaconda.org/conda-forge/linux-64/harfbuzz-9.0.0-hfac3d4d_0.conda
https://conda.anaconda.org/bioconda/linux-64/hmmer-3.4-hb6cb901_4.tar.bz2
https://conda.anaconda.org/bioconda/linux-64/mash-2.3-hc74b729_7.tar.bz2
https://conda.anaconda.org/conda-forge/linux-64/mkl-2023.2.0-ha770c72_50497.conda
https://conda.anaconda.org/bioconda/linux-64/ncls-0.0.70-py311haab0aaa_0.tar.bz2
https://conda.anaconda.org/conda-forge/linux-64/pandas-2.3.2-py311hed34c8f_0.conda
https://conda.anaconda.org/bioconda/linux-64/parasail-python-1.3.4-py311h6eedab3_2.tar.bz2
https://conda.anaconda.org/bioconda/noarch/perl-archive-tar-3.04-pl5321hdfd78af_0.tar.bz2
https://conda.anaconda.org/bioconda/noarch/perl-bioperl-run-1.007003-pl5321hdfd78af_0.tar.bz2
https://conda.anaconda.org/conda-forge/noarch/perl-business-isbn-3.007-pl5321hd8ed1ab_0.tar.bz2
https://conda.anaconda.org/bioconda/noarch/perl-http-date-6.06-pl5321hdfd78af_0.tar.bz2
https://conda.anaconda.org/bioconda/noarch/perl-json-4.10-pl5321hdfd78af_1.tar.bz2
https://conda.anaconda.org/bioconda/noarch/perl-test-most-0.38-pl5321hdfd78af_0.tar.bz2
https://conda.anaconda.org/bioconda/noarch/perl-tree-dag_node-1.35-pl5321hdfd78af_0.tar.bz2
https://conda.anaconda.org/conda-forge/noarch/perl-xml-sax-1.02-pl5321hd8ed1ab_0.tar.bz2
https://conda.anaconda.org/bioconda/linux-64/poa-2.0-h7b50bb2_6.tar.bz2
https://conda.anaconda.org/conda-forge/linux-64/pymongo-4.14.1-py311h1ddb823_0.conda
https://conda.anaconda.org/bioconda/linux-64/samtools-1.21-h50ea8bc_0.tar.bz2
https://conda.anaconda.org/conda-forge/linux-64/scipy-1.16.1-py311h1e13796_1.conda
https://conda.anaconda.org/conda-forge/noarch/sympy-1.14.0-pyh2585a3b_105.conda
https://conda.anaconda.org/bioconda/linux-64/viennarna-2.7.0-py311pl5321h0f867f1_0.tar.bz2
https://conda.anaconda.org/conda-forge/linux-64/zstandard-0.23.0-py311h49ec1c0_3.conda
https://conda.anaconda.org/bioconda/noarch/barrnap-0.9-hdfd78af_4.tar.bz2
https://conda.anaconda.org/bioconda/linux-64/blast-2.16.0-hc155240_3.tar.bz2
https://conda.anaconda.org/bioconda/noarch/gtdbtk-2.4.1-pyhdfd78af_1.tar.bz2
https://conda.anaconda.org/conda-forge/linux-64/libtorch-2.3.1-cpu_mkl_h0bb0d08_100.conda
https://conda.anaconda.org/conda-forge/linux-64/matplotlib-base-3.10.1-py311h2b939e6_0.conda
https://conda.anaconda.org/bioconda/noarch/nanoget-1.19.3-pyhdfd78af_0.tar.bz2
https://conda.anaconda.org/bioconda/noarch/nanomath-1.4.0-pyhdfd78af_0.tar.bz2
https://conda.anaconda.org/bioconda/noarch/ont-fast5-api-4.1.3-pyhdfd78af_0.tar.bz2
https://conda.anaconda.org/conda-forge/linux-64/openjdk-22.0.1-hb622114_0.conda
https://conda.anaconda.org/conda-forge/linux-64/pango-1.54.0-h4c5309f_1.conda
https://conda.anaconda.org/bioconda/noarch/perl-bio-asn1-entrezgene-1.73-pl5321hdfd78af_3.tar.bz2
https://conda.anaconda.org/bioconda/noarch/perl-bio-coordinate-1.007001-pl5321hdfd78af_3.tar.bz2
https://conda.anaconda.org/bioconda/noarch/perl-bio-tools-phylo-paml-1.7.3-pl5321hdfd78af_3.tar.bz2
https://conda.anaconda.org/bioconda/noarch/perl-bio-tools-run-alignment-clustalw-1.7.4-pl5321hdfd78af_3.tar.bz2
https://conda.anaconda.org/bioconda/noarch/perl-file-listing-6.16-pl5321hdfd78af_0.tar.bz2
https://conda.anaconda.org/bioconda/noarch/perl-http-cookiejar-lwp-0.014-pl5321hdfd78af_0.conda
https://conda.anaconda.org/conda-forge/linux-64/perl-uri-5.32-pl5321ha770c72_1.conda
https://conda.anaconda.org/conda-forge/noarch/perl-xml-sax-expat-0.51-pl5321hd8ed1ab_0.tar.bz2
https://conda.anaconda.org/conda-forge/noarch/urllib3-2.5.0-pyhd8ed1ab_0.conda
https://conda.anaconda.org/conda-forge/noarch/xopen-2.0.2-pyh707e725_2.conda
https://conda.anaconda.org/bioconda/noarch/checkm-genome-1.2.4-pyhdfd78af_0.tar.bz2
https://conda.anaconda.org/bioconda/noarch/minced-0.4.2-hdfd78af_1.tar.bz2
https://conda.anaconda.org/bioconda/noarch/nanofilt-2.8.0-py_0.tar.bz2
https://conda.anaconda.org/bioconda/linux-64/ncbi-amrfinderplus-4.0.23-hf69ffd2_0.tar.bz2
https://conda.anaconda.org/bioconda/linux-64/pasta-1.9.2-py311hefa8cab_5.tar.bz2
https://conda.anaconda.org/bioconda/noarch/perl-http-message-7.00-pl5321hdfd78af_0.tar.bz2
https://conda.anaconda.org/bioconda/noarch/perl-net-http-6.24-pl5321hdfd78af_0.conda
https://conda.anaconda.org/bioconda/noarch/perl-www-robotrules-6.02-pl5321hdfd78af_4.tar.bz2
https://conda.anaconda.org/bioconda/noarch/perl-xml-simple-2.25-pl5321hdfd78af_2.tar.bz2
https://conda.anaconda.org/bioconda/linux-64/phylip-3.697-h7b50bb2_3.conda
https://conda.anaconda.org/bioconda/noarch/pomoxis-0.3.16-pyhdfd78af_0.tar.bz2
https://conda.anaconda.org/conda-forge/noarch/pycirclize-1.10.0-pyhd8ed1ab_0.conda
https://conda.anaconda.org/conda-forge/linux-64/pytorch-2.3.1-cpu_mkl_py311hcb16b95_100.conda
https://conda.anaconda.org/conda-forge/linux-64/r-base-4.3.3-hf0d99cb_1.conda
https://conda.anaconda.org/conda-forge/noarch/requests-2.32.5-pyhd8ed1ab_0.conda
https://conda.anaconda.org/bioconda/linux-64/unicycler-0.5.1-py311h6eedab3_2.tar.bz2
https://conda.anaconda.org/bioconda/noarch/bakta-1.11.4-pyhdfd78af_0.conda
https://conda.anaconda.org/bioconda/linux-64/medaka-2.0.1-py311hfd2b166_0.tar.bz2
https://conda.anaconda.org/bioconda/linux-64/perl-html-parser-3.81-pl5321h4ac6f70_1.tar.bz2
https://conda.anaconda.org/bioconda/noarch/perl-http-cookies-6.11-pl5321hdfd78af_0.tar.bz2
https://conda.anaconda.org/bioconda/noarch/perl-http-daemon-6.16-pl5321hdfd78af_0.tar.bz2
https://conda.anaconda.org/bioconda/noarch/perl-http-negotiate-6.01-pl5321hdfd78af_4.tar.bz2
https://conda.anaconda.org/bioconda/noarch/perl-lwp-protocol-https-6.14-pl5321hdfd78af_1.conda
https://conda.anaconda.org/conda-forge/noarch/r-assertthat-0.2.1-r43hc72bb7e_5.conda
https://conda.anaconda.org/conda-forge/linux-64/r-backports-1.5.0-r43hb1dbf0f_1.conda
https://conda.anaconda.org/conda-forge/linux-64/r-base64enc-0.1_3-r43hb1dbf0f_1007.conda
https://conda.anaconda.org/conda-forge/noarch/r-biocmanager-1.30.26-r43hc72bb7e_0.conda
https://conda.anaconda.org/conda-forge/linux-64/r-bit-4.6.0-r43h2b5f3a1_0.conda
https://conda.anaconda.org/conda-forge/linux-64/r-cli-3.6.5-r43h93ab643_0.conda
https://conda.anaconda.org/conda-forge/noarch/r-clipr-0.8.0-r43hc72bb7e_3.conda
https://conda.anaconda.org/conda-forge/linux-64/r-colorspace-2.1_1-r43hdb488b9_0.conda
https://conda.anaconda.org/conda-forge/noarch/r-cpp11-0.5.2-r43h785f33e_1.conda
https://conda.anaconda.org/conda-forge/noarch/r-crayon-1.5.3-r43hc72bb7e_1.conda
https://conda.anaconda.org/conda-forge/linux-64/r-curl-7.0.0-r43h10955f1_0.conda
https://conda.anaconda.org/conda-forge/linux-64/r-data.table-1.15.2-r43h029312a_0.conda
https://conda.anaconda.org/conda-forge/noarch/r-dbi-1.2.3-r43hc72bb7e_1.conda
https://conda.anaconda.org/conda-forge/linux-64/r-digest-0.6.37-r43h0d4f4ea_0.conda
https://conda.anaconda.org/conda-forge/noarch/r-evaluate-1.0.5-r43hc72bb7e_0.conda
https://conda.anaconda.org/conda-forge/linux-64/r-fansi-1.0.6-r43hb1dbf0f_1.conda
https://conda.anaconda.org/conda-forge/linux-64/r-farver-2.1.2-r43ha18555a_1.conda
https://conda.anaconda.org/conda-forge/linux-64/r-fastmap-1.2.0-r43ha18555a_1.conda
https://conda.anaconda.org/conda-forge/linux-64/r-fs-1.6.6-r43h93ab643_0.conda
https://conda.anaconda.org/conda-forge/noarch/r-generics-0.1.4-r43hc72bb7e_0.conda
https://conda.anaconda.org/conda-forge/noarch/r-getopt-1.20.4-r43ha770c72_1.conda
https://conda.anaconda.org/conda-forge/linux-64/r-glue-1.8.0-r43h2b5f3a1_0.conda
https://conda.anaconda.org/conda-forge/linux-64/r-isoband-0.2.7-r43ha18555a_3.conda
https://conda.anaconda.org/conda-forge/linux-64/r-jsonlite-2.0.0-r43h2b5f3a1_0.conda
https://conda.anaconda.org/conda-forge/noarch/r-labeling-0.4.3-r43hc72bb7e_1.conda
https://conda.anaconda.org/conda-forge/linux-64/r-lattice-0.22_7-r43h2b5f3a1_0.conda
https://conda.anaconda.org/conda-forge/linux-64/r-magrittr-2.0.3-r43hb1dbf0f_3.conda
https://conda.anaconda.org/conda-forge/linux-64/r-mass-7.3_60.0.1-r43hb1dbf0f_1.conda
https://conda.anaconda.org/conda-forge/linux-64/r-mime-0.13-r43h2b5f3a1_0.conda
https://conda.anaconda.org/conda-forge/noarch/r-pkgconfig-2.0.3-r43hc72bb7e_4.conda
https://conda.anaconda.org/conda-forge/linux-64/r-ps-1.9.1-r43h2b5f3a1_0.conda
https://conda.anaconda.org/conda-forge/noarch/r-r6-2.6.1-r43hc72bb7e_0.conda
https://conda.anaconda.org/conda-forge/linux-64/r-rappdirs-0.3.3-r43hb1dbf0f_3.conda
https://conda.anaconda.org/conda-forge/noarch/r-rcolorbrewer-1.1_3-r43h785f33e_3.conda
https://conda.anaconda.org/conda-forge/linux-64/r-rcpp-1.1.0-r43h93ab643_0.conda
https://conda.anaconda.org/conda-forge/noarch/r-rematch-2.0.0-r43hc72bb7e_1.conda
https://conda.anaconda.org/conda-forge/linux-64/r-rlang-1.1.6-r43h93ab643_0.conda
https://conda.anaconda.org/conda-forge/noarch/r-rstudioapi-0.17.1-r43hc72bb7e_0.conda
https://conda.anaconda.org/conda-forge/linux-64/r-stringi-1.8.4-r43ha8ce623_2.conda
https://conda.anaconda.org/conda-forge/linux-64/r-sys-3.4.3-r43h2b5f3a1_0.conda
https://conda.anaconda.org/conda-forge/linux-64/r-utf8-1.2.6-r43h2b5f3a1_0.conda
https://conda.anaconda.org/conda-forge/linux-64/r-uuid-1.2_1-r43hdb488b9_0.conda
https://conda.anaconda.org/conda-forge/noarch/r-viridislite-0.4.2-r43hc72bb7e_2.conda
https://conda.anaconda.org/conda-forge/noarch/r-withr-3.0.2-r43hc72bb7e_0.conda
https://conda.anaconda.org/conda-forge/linux-64/r-xfun-0.53-r43h3697838_0.conda
https://conda.anaconda.org/conda-forge/linux-64/r-yaml-2.3.10-r43hdb488b9_0.conda
https://conda.anaconda.org/bioconda/linux-64/t-coffee-13.46.1.b8b01e06-pl5321hb2a3317_2.conda
https://conda.anaconda.org/bioconda/noarch/perl-bio-tools-run-alignment-tcoffee-1.7.4-pl5321hdfd78af_5.tar.bz2
https://conda.anaconda.org/bioconda/noarch/perl-libwww-perl-6.79-pl5321hdfd78af_0.conda
https://conda.anaconda.org/conda-forge/linux-64/r-askpass-1.2.1-r43h2b5f3a1_0.conda
https://conda.anaconda.org/conda-forge/linux-64/r-bit64-4.6.0_1-r43h2b5f3a1_0.conda
https://conda.anaconda.org/conda-forge/linux-64/r-cachem-1.1.0-r43hb1dbf0f_1.conda
https://conda.anaconda.org/conda-forge/linux-64/r-ellipsis-0.3.2-r43hb1dbf0f_3.conda
https://conda.anaconda.org/conda-forge/noarch/r-highr-0.11-r43hc72bb7e_1.conda
https://conda.anaconda.org/conda-forge/noarch/r-lifecycle-1.0.4-r43hc72bb7e_1.conda
https://conda.anaconda.org/conda-forge/linux-64/r-matrix-1.6_5-r43he966344_1.conda
https://conda.anaconda.org/conda-forge/noarch/r-munsell-0.5.1-r43hc72bb7e_1.conda
https://conda.anaconda.org/conda-forge/linux-64/r-nlme-3.1_168-r43hb67ce94_0.conda
https://conda.anaconda.org/conda-forge/noarch/r-optparse-1.7.5-r43hc72bb7e_1.conda
https://conda.anaconda.org/conda-forge/noarch/r-prettyunits-1.2.0-r43hc72bb7e_1.conda
https://conda.anaconda.org/conda-forge/linux-64/r-processx-3.8.6-r43h2b5f3a1_0.conda
https://conda.anaconda.org/conda-forge/linux-64/r-timechange-0.3.0-r43ha18555a_1.conda
https://conda.anaconda.org/conda-forge/noarch/r-tinytex-0.57-r43hc72bb7e_0.conda
https://conda.anaconda.org/conda-forge/linux-64/r-tzdb-0.5.0-r43h3697838_1.conda
https://conda.anaconda.org/conda-forge/linux-64/r-xml2-1.3.6-r43h8194278_2.conda
https://conda.anaconda.org/bioconda/noarch/perl-xml-dom-1.46-pl5321hdfd78af_1.tar.bz2
https://conda.anaconda.org/conda-forge/linux-64/r-ape-5.8_1-r43h3704496_1.conda
https://conda.anaconda.org/conda-forge/noarch/r-callr-3.7.6-r43hc72bb7e_1.conda
https://conda.anaconda.org/conda-forge/noarch/r-gtable-0.3.6-r43hc72bb7e_0.conda
https://conda.anaconda.org/conda-forge/linux-64/r-htmltools-0.5.8.1-r43ha18555a_1.conda
https://conda.anaconda.org/conda-forge/noarch/r-knitr-1.50-r43hc72bb7e_0.conda
https://conda.anaconda.org/conda-forge/linux-64/r-lubridate-1.9.4-r43h2b5f3a1_0.conda
https://conda.anaconda.org/conda-forge/noarch/r-memoise-2.0.1-r43hc72bb7e_3.conda
https://conda.anaconda.org/conda-forge/linux-64/r-mgcv-1.9_3-r43h2ae2be5_0.conda
https://conda.anaconda.org/conda-forge/linux-64/r-openssl-2.3.3-r43he8289e2_0.conda
https://conda.anaconda.org/conda-forge/noarch/r-scales-1.4.0-r43hc72bb7e_0.conda
https://conda.anaconda.org/conda-forge/linux-64/r-systemfonts-1.2.1-r43h5c043a3_0.conda
https://conda.anaconda.org/conda-forge/linux-64/r-vctrs-0.6.5-r43h0d4f4ea_1.conda
https://conda.anaconda.org/bioconda/noarch/perl-xml-dom-xpath-0.14-pl5321hdfd78af_2.tar.bz2
https://conda.anaconda.org/conda-forge/noarch/r-blob-1.2.4-r43hc72bb7e_2.conda
https://conda.anaconda.org/conda-forge/noarch/r-conflicted-1.2.0-r43h785f33e_2.conda
https://conda.anaconda.org/conda-forge/noarch/r-fontawesome-0.5.3-r43hc72bb7e_0.conda
https://conda.anaconda.org/conda-forge/noarch/r-hms-1.1.3-r43hc72bb7e_2.conda
https://conda.anaconda.org/conda-forge/noarch/r-httr-1.4.7-r43hc72bb7e_1.conda
https://conda.anaconda.org/conda-forge/noarch/r-ids-1.0.1-r43hc72bb7e_4.conda
https://conda.anaconda.org/conda-forge/linux-64/r-igraph-2.0.3-r43h510f1ce_1.conda
https://conda.anaconda.org/conda-forge/noarch/r-jquerylib-0.1.4-r43hc72bb7e_3.conda
https://conda.anaconda.org/conda-forge/noarch/r-pheatmap-1.0.13-r43hc72bb7e_0.conda
https://conda.anaconda.org/conda-forge/noarch/r-pillar-1.11.0-r43hc72bb7e_0.conda
https://conda.anaconda.org/conda-forge/linux-64/r-purrr-1.1.0-r43h54b55ab_0.conda
https://conda.anaconda.org/conda-forge/linux-64/r-sass-0.4.10-r43h93ab643_0.conda
https://conda.anaconda.org/conda-forge/noarch/r-stringr-1.5.1-r43h785f33e_1.conda
https://conda.anaconda.org/conda-forge/linux-64/r-textshaping-0.4.0-r43ha47bcaa_2.conda
https://conda.anaconda.org/conda-forge/noarch/r-tidyselect-1.2.1-r43hc72bb7e_1.conda
https://conda.anaconda.org/bioconda/noarch/perl-bio-featureio-1.6.905-pl5321hdfd78af_4.tar.bz2
https://conda.anaconda.org/conda-forge/noarch/r-bslib-0.9.0-r43hc72bb7e_0.conda
https://conda.anaconda.org/conda-forge/noarch/r-gargle-1.6.0-r43h785f33e_0.conda
https://conda.anaconda.org/conda-forge/noarch/r-progress-1.2.3-r43hc72bb7e_1.conda
https://conda.anaconda.org/conda-forge/linux-64/r-ragg-1.3.3-r43h9aa3752_0.conda
https://conda.anaconda.org/conda-forge/noarch/r-selectr-0.4_2-r43hc72bb7e_4.conda
https://conda.anaconda.org/conda-forge/linux-64/r-tibble-3.3.0-r43h2b5f3a1_0.conda
https://conda.anaconda.org/bioconda/noarch/perl-bioperl-1.7.8-hdfd78af_1.tar.bz2
https://conda.anaconda.org/conda-forge/noarch/r-cellranger-1.1.0-r43hc72bb7e_1007.conda
https://conda.anaconda.org/conda-forge/linux-64/r-dplyr-1.1.4-r43h0d4f4ea_1.conda
https://conda.anaconda.org/conda-forge/noarch/r-forcats-1.0.0-r43hc72bb7e_2.conda
https://conda.anaconda.org/conda-forge/noarch/r-ggplot2-3.5.2-r43hc72bb7e_0.conda
https://conda.anaconda.org/conda-forge/noarch/r-googledrive-2.1.1-r43hc72bb7e_2.conda
https://conda.anaconda.org/conda-forge/noarch/r-rematch2-2.1.2-r43hc72bb7e_4.conda
https://conda.anaconda.org/conda-forge/noarch/r-rmarkdown-2.29-r43hc72bb7e_0.conda
https://conda.anaconda.org/conda-forge/noarch/r-rvest-1.0.5-r43hc72bb7e_0.conda
https://conda.anaconda.org/conda-forge/linux-64/r-vroom-1.6.5-r43h0d4f4ea_1.conda
https://conda.anaconda.org/bioconda/noarch/prokka-1.14.6-pl5321hdfd78af_5.tar.bz2
https://conda.anaconda.org/conda-forge/noarch/r-dtplyr-1.3.1-r43hc72bb7e_2.conda
https://conda.anaconda.org/conda-forge/noarch/r-googlesheets4-1.1.2-r43h785f33e_0.conda
https://conda.anaconda.org/conda-forge/linux-64/r-readr-2.1.5-r43h0d4f4ea_1.conda
https://conda.anaconda.org/conda-forge/linux-64/r-readxl-1.4.5-r43h328fee5_0.conda
https://conda.anaconda.org/conda-forge/noarch/r-reprex-2.1.1-r43hc72bb7e_1.conda
https://conda.anaconda.org/conda-forge/linux-64/r-tidyr-1.3.1-r43h0d4f4ea_1.conda
https://conda.anaconda.org/conda-forge/noarch/r-broom-1.0.9-r43hc72bb7e_0.conda
https://conda.anaconda.org/conda-forge/noarch/r-dbplyr-2.5.0-r43hc72bb7e_1.conda
https://conda.anaconda.org/conda-forge/linux-64/r-haven-2.5.4-r43h0d4f4ea_1.conda
https://conda.anaconda.org/conda-forge/noarch/r-modelr-0.1.11-r43hc72bb7e_2.conda
https://conda.anaconda.org/conda-forge/noarch/r-tidyverse-2.0.0-r43h785f33e_2.conda
