# This file may be used to create an environment using:
# $ conda create --name <env> --file <this file>
# platform: linux-64
# created-by: conda 26.1.1
@EXPLICIT
https://conda.anaconda.org/conda-forge/noarch/_r-mutex-1.0.1-anacondar_1.tar.bz2
https://conda.anaconda.org/conda-forge/noarch/ca-certificates-2026.2.25-hbd8a1cb_0.conda
https://conda.anaconda.org/conda-forge/noarch/font-ttf-dejavu-sans-mono-2.37-hab24e00_0.tar.bz2
https://conda.anaconda.org/conda-forge/noarch/font-ttf-inconsolata-3.000-h77eed37_0.tar.bz2
https://conda.anaconda.org/conda-forge/noarch/font-ttf-source-code-pro-2.038-h77eed37_0.tar.bz2
https://conda.anaconda.org/conda-forge/noarch/font-ttf-ubuntu-0.83-h77eed37_3.conda
https://conda.anaconda.org/conda-forge/noarch/kernel-headers_linux-64-6.12.0-he073ed8_6.conda
https://conda.anaconda.org/conda-forge/noarch/libgcc-devel_linux-64-15.2.0-hcc6f6b0_118.conda
https://conda.anaconda.org/conda-forge/linux-64/libgomp-15.2.0-he0feb66_18.conda
https://conda.anaconda.org/conda-forge/noarch/libstdcxx-devel_linux-64-15.2.0-hd446a21_118.conda
https://conda.anaconda.org/conda-forge/linux-64/llvm-openmp-22.1.0-h4922eb0_0.conda
https://conda.anaconda.org/conda-forge/linux-64/mpi-1.0-openmpi.tar.bz2
https://conda.anaconda.org/conda-forge/linux-64/perl-5.22.0.1-0.tar.bz2
https://conda.anaconda.org/bioconda/linux-64/pplacer-1.1.alpha19-h9ee0642_2.tar.bz2
https://conda.anaconda.org/conda-forge/noarch/pybind11-abi-11-hc364b38_1.conda
https://conda.anaconda.org/conda-forge/noarch/python_abi-3.11-8_cp311.conda
https://conda.anaconda.org/bioconda/linux-64/seqkit-2.13.0-he881be0_0.conda
https://conda.anaconda.org/conda-forge/noarch/tzdata-2025c-hc9c84f9_1.conda
https://conda.anaconda.org/conda-forge/linux-64/_openmp_mutex-4.5-7_kmp_llvm.conda
https://conda.anaconda.org/conda-forge/noarch/fonts-conda-forge-1-hc364b38_1.conda
https://conda.anaconda.org/conda-forge/linux-64/parallel-20260122-ha770c72_0.conda
https://conda.anaconda.org/bioconda/linux-64/perl-app-cpanminus-1.7043-pl5.22.0_0.tar.bz2
https://conda.anaconda.org/bioconda/linux-64/perl-exporter-5.72-pl5.22.0_0.tar.bz2
https://conda.anaconda.org/bioconda/linux-64/perl-test-more-1.001002-pl5.22.0_0.tar.bz2
https://conda.anaconda.org/bioconda/noarch/perl-threaded-5.32.1-hdfd78af_1.tar.bz2
https://conda.anaconda.org/bioconda/linux-64/perl-yaml-1.24-pl522_1.tar.bz2
https://conda.anaconda.org/conda-forge/noarch/sysroot_linux-64-2.39-hc4b9eeb_6.conda
https://conda.anaconda.org/conda-forge/noarch/fonts-conda-ecosystem-1-0.tar.bz2
https://conda.anaconda.org/conda-forge/linux-64/libgcc-15.2.0-he0feb66_18.conda
https://conda.anaconda.org/bioconda/linux-64/perl-common-sense-3.74-0.tar.bz2
https://conda.anaconda.org/bioconda/linux-64/perl-compress-raw-bzip2-2.069-1.tar.bz2
https://conda.anaconda.org/bioconda/linux-64/perl-data-dumper-2.161-pl5.22.0_0.tar.bz2
https://conda.anaconda.org/bioconda/linux-64/perl-exporter-tiny-0.042-1.tar.bz2
https://conda.anaconda.org/bioconda/linux-64/perl-xml-namespacesupport-1.11-0.tar.bz2
https://conda.anaconda.org/bioconda/linux-64/perl-xml-sax-base-1.08-0.tar.bz2
https://conda.anaconda.org/conda-forge/linux-64/alsa-lib-1.2.15.3-hb03c661_0.conda
https://conda.anaconda.org/bioconda/linux-64/aragorn-1.2.41-h7b50bb2_5.tar.bz2
https://conda.anaconda.org/conda-forge/linux-64/bzip2-1.0.8-hda65f42_9.conda
https://conda.anaconda.org/conda-forge/linux-64/c-ares-1.34.6-hb03c661_0.conda
https://conda.anaconda.org/bioconda/linux-64/fasttree-2.2.0-h7b50bb2_1.conda
https://conda.anaconda.org/conda-forge/linux-64/fribidi-1.0.16-hb03c661_0.conda
https://conda.anaconda.org/conda-forge/linux-64/keyutils-1.6.3-hb9d3cd8_0.conda
https://conda.anaconda.org/conda-forge/linux-64/libbrotlicommon-1.2.0-hb03c661_1.conda
https://conda.anaconda.org/conda-forge/linux-64/libdeflate-1.22-hb9d3cd8_0.conda
https://conda.anaconda.org/conda-forge/linux-64/libexpat-2.7.4-hecca717_0.conda
https://conda.anaconda.org/conda-forge/linux-64/libffi-3.5.2-h3435931_0.conda
https://conda.anaconda.org/conda-forge/linux-64/libgcc-ng-15.2.0-h69a702a_18.conda
https://conda.anaconda.org/conda-forge/linux-64/libgfortran5-15.2.0-h68bc16d_18.conda
https://conda.anaconda.org/conda-forge/linux-64/libiconv-1.18-h3b78370_2.conda
https://conda.anaconda.org/conda-forge/linux-64/libjpeg-turbo-3.1.2-hb03c661_0.conda
https://conda.anaconda.org/conda-forge/linux-64/liblzma-5.8.2-hb03c661_0.conda
https://conda.anaconda.org/conda-forge/linux-64/libnsl-2.0.1-hb9d3cd8_1.conda
https://conda.anaconda.org/conda-forge/linux-64/libstdcxx-15.2.0-h934c35e_18.conda
https://conda.anaconda.org/conda-forge/linux-64/libuuid-2.41.3-h5347b49_0.conda
https://conda.anaconda.org/conda-forge/linux-64/libuv-1.51.0-hb03c661_1.conda
https://conda.anaconda.org/conda-forge/linux-64/libwebp-base-1.6.0-hd42ef1d_0.conda
https://conda.anaconda.org/conda-forge/linux-64/libzlib-1.3.1-hb9d3cd8_2.conda
https://conda.anaconda.org/conda-forge/linux-64/make-4.4.1-hb9d3cd8_2.conda
https://conda.anaconda.org/conda-forge/linux-64/ncurses-6.5-h2d0b736_3.conda
https://conda.anaconda.org/conda-forge/linux-64/openssl-3.6.1-h35e630c_1.conda
https://conda.anaconda.org/bioconda/linux-64/perl-bioperl-1.6.924-4.tar.bz2
https://conda.anaconda.org/bioconda/linux-64/perl-compress-raw-zlib-2.069-3.tar.bz2
https://conda.anaconda.org/bioconda/linux-64/perl-extutils-makemaker-7.24-pl5.22.0_1.tar.bz2
https://conda.anaconda.org/bioconda/linux-64/perl-json-xs-2.34-0.tar.bz2
https://conda.anaconda.org/bioconda/linux-64/perl-list-moreutils-0.428-pl5.22.0_0.tar.bz2
https://conda.anaconda.org/bioconda/linux-64/perl-scalar-list-utils-1.45-2.tar.bz2
https://conda.anaconda.org/bioconda/linux-64/perl-xml-sax-0.99-0.tar.bz2
https://conda.anaconda.org/conda-forge/linux-64/pthread-stubs-0.4-hb9d3cd8_1002.conda
https://conda.anaconda.org/bioconda/linux-64/rasusa-3.0.0-h54198d6_0.conda
https://conda.anaconda.org/conda-forge/linux-64/sed-4.9-h6688a6e_0.conda
https://conda.anaconda.org/conda-forge/linux-64/xorg-libice-1.1.2-hb9d3cd8_0.conda
https://conda.anaconda.org/conda-forge/linux-64/xorg-libxau-1.0.12-hb03c661_1.conda
https://conda.anaconda.org/conda-forge/linux-64/xorg-libxdmcp-1.1.5-hb03c661_1.conda
https://conda.anaconda.org/bioconda/linux-64/bedtools-2.31.1-h13024bc_3.tar.bz2
https://conda.anaconda.org/bioconda/linux-64/bwa-0.7.19-h577a1d6_1.tar.bz2
https://conda.anaconda.org/conda-forge/linux-64/expat-2.7.4-hecca717_0.conda
https://conda.anaconda.org/conda-forge/linux-64/fmt-12.1.0-hff5e90c_0.conda
https://conda.anaconda.org/conda-forge/linux-64/giflib-5.2.2-hd590300_0.conda
https://conda.anaconda.org/conda-forge/linux-64/graphite2-1.3.14-hecca717_2.conda
https://conda.anaconda.org/bioconda/linux-64/infernal-1.1.4-h779adbc_0.tar.bz2
https://conda.anaconda.org/bioconda/linux-64/k8-1.2-he8db53b_6.tar.bz2
https://conda.anaconda.org/conda-forge/linux-64/lerc-4.0.0-h0aef613_1.conda
https://conda.anaconda.org/conda-forge/linux-64/libabseil-20260107.1-cxx17_h7b12aa8_0.conda
https://conda.anaconda.org/conda-forge/linux-64/libaec-1.1.5-h088129d_0.conda
https://conda.anaconda.org/conda-forge/linux-64/libbrotlidec-1.2.0-hb03c661_1.conda
https://conda.anaconda.org/conda-forge/linux-64/libbrotlienc-1.2.0-hb03c661_1.conda
https://conda.anaconda.org/conda-forge/linux-64/libedit-3.1.20250104-pl5321h7949ede_0.conda
https://conda.anaconda.org/conda-forge/linux-64/libev-4.33-hd590300_2.conda
https://conda.anaconda.org/conda-forge/linux-64/libgfortran-15.2.0-h69a702a_18.conda
https://conda.anaconda.org/conda-forge/linux-64/libidn11-1.34-h1cef754_0.tar.bz2
https://conda.anaconda.org/conda-forge/linux-64/liblzma-devel-5.8.2-hb03c661_0.conda
https://conda.anaconda.org/conda-forge/linux-64/libpng-1.6.55-h421ea60_0.conda
https://conda.anaconda.org/conda-forge/linux-64/libsanitizer-15.2.0-h90f66d4_18.conda
https://conda.anaconda.org/conda-forge/linux-64/libsqlite-3.51.2-h0c1763c_0.conda
https://conda.anaconda.org/conda-forge/linux-64/libssh2-1.11.1-hcf80075_0.conda
https://conda.anaconda.org/conda-forge/linux-64/libstdcxx-ng-15.2.0-hdf11a46_18.conda
https://conda.anaconda.org/conda-forge/linux-64/libunistring-0.9.10-h7f98852_0.tar.bz2
https://conda.anaconda.org/conda-forge/linux-64/libxcb-1.17.0-h8a09558_0.conda
https://conda.anaconda.org/bioconda/linux-64/miniasm-0.3-h577a1d6_5.tar.bz2
https://conda.anaconda.org/bioconda/linux-64/ncbi-vdb-3.3.0-h9948957_0.conda
https://conda.anaconda.org/conda-forge/linux-64/pcre2-10.44-hc749103_2.conda
https://conda.anaconda.org/bioconda/linux-64/perl-carp-1.38-pl5.22.0_0.tar.bz2
https://conda.anaconda.org/bioconda/linux-64/perl-io-compress-2.069-pl5.22.0_2.tar.bz2
https://conda.anaconda.org/bioconda/linux-64/perl-json-2.90-1.tar.bz2
https://conda.anaconda.org/conda-forge/linux-64/pixman-0.46.4-h54a6638_1.conda
https://conda.anaconda.org/conda-forge/linux-64/pkg-config-0.29.2-h4bc722e_1009.conda
https://conda.anaconda.org/bioconda/linux-64/prodigal-2.6.3-h577a1d6_11.tar.bz2
https://conda.anaconda.org/conda-forge/linux-64/readline-8.3-h853b02a_0.conda
https://conda.anaconda.org/bioconda/linux-64/skani-0.3.1-ha6fb395_0.conda
https://conda.anaconda.org/conda-forge/linux-64/sleef-3.9.0-ha0421bc_0.conda
https://conda.anaconda.org/conda-forge/linux-64/tar-1.35-h3b78370_0.conda
https://conda.anaconda.org/conda-forge/linux-64/tk-8.6.13-noxft_h366c992_103.conda
https://conda.anaconda.org/conda-forge/linux-64/xorg-libsm-1.2.6-he73a12e_0.conda
https://conda.anaconda.org/conda-forge/linux-64/xz-gpl-tools-5.8.2-ha02ee65_0.conda
https://conda.anaconda.org/conda-forge/linux-64/xz-tools-5.8.2-hb03c661_0.conda
https://conda.anaconda.org/conda-forge/linux-64/zlib-1.3.1-hb9d3cd8_2.conda
https://conda.anaconda.org/conda-forge/linux-64/zstd-1.5.7-hb78ec9c_6.conda
https://conda.anaconda.org/conda-forge/linux-64/brotli-bin-1.2.0-hb03c661_1.conda
https://conda.anaconda.org/conda-forge/linux-64/bwidget-1.10.1-ha770c72_1.conda
https://conda.anaconda.org/conda-forge/linux-64/gmp-6.3.0-hac33072_2.conda
https://conda.anaconda.org/conda-forge/linux-64/icu-75.1-he02047a_0.conda
https://conda.anaconda.org/conda-forge/linux-64/krb5-1.22.2-ha1258a1_0.conda
https://conda.anaconda.org/conda-forge/linux-64/ld_impl_linux-64-2.45.1-default_hbd61a6d_101.conda
https://conda.anaconda.org/conda-forge/linux-64/libfreetype6-2.14.1-h73754d4_0.conda
https://conda.anaconda.org/conda-forge/linux-64/libgfortran-ng-15.2.0-h69a702a_18.conda
https://conda.anaconda.org/conda-forge/linux-64/libglib-2.84.0-h2ff4ddf_0.conda
https://conda.anaconda.org/conda-forge/linux-64/libidn2-2.3.8-hfac485b_1.conda
https://conda.anaconda.org/conda-forge/linux-64/libnghttp2-1.67.0-had1ee68_0.conda
https://conda.anaconda.org/conda-forge/linux-64/libprotobuf-6.33.5-h2b00c02_0.conda
https://conda.anaconda.org/conda-forge/linux-64/libre2-11-2025.11.05-h0dc7533_1.conda
https://conda.anaconda.org/conda-forge/linux-64/libtiff-4.7.0-hc4654cb_2.conda
https://conda.anaconda.org/bioconda/linux-64/minimap2-2.28-h577a1d6_4.tar.bz2
https://conda.anaconda.org/bioconda/linux-64/mummer-3.23-pl5.22.0_5.tar.bz2
https://conda.anaconda.org/bioconda/linux-64/perl-io-zlib-1.10-1.tar.bz2
https://conda.anaconda.org/bioconda/linux-64/perl-pathtools-3.73-h470a237_2.tar.bz2
https://conda.anaconda.org/bioconda/linux-64/perl-xml-parser-2.44-3.tar.bz2
https://conda.anaconda.org/conda-forge/linux-64/qhull-2020.2-h434a139_5.conda
https://conda.anaconda.org/bioconda/linux-64/tbl2asn-25.7-h9ee0642_1.tar.bz2
https://conda.anaconda.org/conda-forge/linux-64/tktable-2.10-h8d826fa_7.conda
https://conda.anaconda.org/conda-forge/linux-64/xorg-libx11-1.8.13-he1eb515_0.conda
https://conda.anaconda.org/conda-forge/linux-64/xz-5.8.2-ha02ee65_0.conda
https://conda.anaconda.org/conda-forge/linux-64/binutils_impl_linux-64-2.45.1-default_hfdba357_101.conda
https://conda.anaconda.org/conda-forge/linux-64/brotli-1.2.0-hed03a55_1.conda
https://conda.anaconda.org/conda-forge/linux-64/glpk-5.0-h445213a_0.tar.bz2
https://conda.anaconda.org/conda-forge/linux-64/lcms2-2.17-h717163a_0.conda
https://conda.anaconda.org/conda-forge/linux-64/libcups-2.3.3-h7a8fb5f_6.conda
https://conda.anaconda.org/conda-forge/linux-64/libcurl-8.18.0-hcf29cc6_1.conda
https://conda.anaconda.org/conda-forge/linux-64/libfreetype-2.14.1-ha770c72_0.conda
https://conda.anaconda.org/conda-forge/linux-64/libxml2-16-2.15.1-ha9997c6_0.conda
https://conda.anaconda.org/conda-forge/linux-64/mpfr-4.2.1-h90cbb55_3.conda
https://conda.anaconda.org/conda-forge/linux-64/openjpeg-2.5.3-h55fea9a_1.conda
https://conda.anaconda.org/conda-forge/linux-64/openmpi-4.1.6-hc5af2df_101.conda
https://conda.anaconda.org/bioconda/linux-64/perl-archive-tar-2.18-pl5.22.0_2.tar.bz2
https://conda.anaconda.org/bioconda/linux-64/perl-xml-sax-expat-0.51-0.tar.bz2
https://conda.anaconda.org/conda-forge/linux-64/python-3.11.0-he550d4f_1_cpython.conda
https://conda.anaconda.org/conda-forge/linux-64/re2-2025.11.05-h5301d42_1.conda
https://conda.anaconda.org/conda-forge/linux-64/wget-1.21.4-hda4d442_0.conda
https://conda.anaconda.org/conda-forge/linux-64/xorg-libxext-1.3.7-hb03c661_0.conda
https://conda.anaconda.org/conda-forge/linux-64/xorg-libxfixes-6.0.2-hb03c661_0.conda
https://conda.anaconda.org/conda-forge/linux-64/xorg-libxrender-0.9.12-hb9d3cd8_0.conda
https://conda.anaconda.org/conda-forge/linux-64/xorg-libxt-1.3.1-hb9d3cd8_0.conda
https://conda.anaconda.org/conda-forge/linux-64/backports.zstd-1.3.0-py311h6b1f9c4_0.conda
https://conda.anaconda.org/conda-forge/linux-64/brotli-python-1.2.0-py311h66f275b_1.conda
https://conda.anaconda.org/conda-forge/noarch/cached_property-1.5.2-pyha770c72_1.tar.bz2
https://conda.anaconda.org/conda-forge/noarch/certifi-2026.2.25-pyhd8ed1ab_0.conda
https://conda.anaconda.org/conda-forge/noarch/charset-normalizer-3.4.4-pyhd8ed1ab_0.conda
https://conda.anaconda.org/conda-forge/noarch/cloudpickle-3.1.2-pyhcf101f3_1.conda
https://conda.anaconda.org/conda-forge/noarch/cpython-3.11.14-py311hd8ed1ab_3.conda
https://conda.anaconda.org/conda-forge/linux-64/curl-8.18.0-hcf29cc6_1.conda
https://conda.anaconda.org/conda-forge/noarch/cycler-0.12.1-pyhcf101f3_2.conda
https://conda.anaconda.org/bioconda/noarch/dendropy-5.0.8-pyhdfd78af_1.tar.bz2
https://conda.anaconda.org/bioconda/linux-64/entrez-direct-24.0-he881be0_0.tar.bz2
https://conda.anaconda.org/conda-forge/noarch/filelock-3.25.0-pyhd8ed1ab_0.conda
https://conda.anaconda.org/bioconda/linux-64/flye-2.9.6-py311h2de2dd3_0.tar.bz2
https://conda.anaconda.org/conda-forge/linux-64/fontconfig-2.17.1-h27c8c51_0.conda
https://conda.anaconda.org/conda-forge/linux-64/freetype-2.14.1-ha770c72_0.conda
https://conda.anaconda.org/conda-forge/noarch/fsspec-2026.2.0-pyhd8ed1ab_0.conda
https://conda.anaconda.org/conda-forge/linux-64/gcc_impl_linux-64-15.2.0-he420e7e_18.conda
https://conda.anaconda.org/conda-forge/linux-64/git-2.49.0-pl5321h59d505e_0.conda
https://conda.anaconda.org/conda-forge/linux-64/hdf5-1.14.6-nompi_h19486de_106.conda
https://conda.anaconda.org/conda-forge/noarch/hpack-4.1.0-pyhd8ed1ab_0.conda
https://conda.anaconda.org/bioconda/linux-64/htslib-1.23-h566b1c6_0.conda
https://conda.anaconda.org/conda-forge/noarch/hyperframe-6.1.0-pyhd8ed1ab_0.conda
https://conda.anaconda.org/conda-forge/noarch/idna-3.11-pyhd8ed1ab_0.conda
https://conda.anaconda.org/conda-forge/linux-64/kiwisolver-1.4.9-py311h724c32c_2.conda
https://conda.anaconda.org/conda-forge/linux-64/libgrpc-1.78.0-h1d1128b_1.conda
https://conda.anaconda.org/conda-forge/linux-64/libxml2-2.15.1-h26afc86_0.conda
https://conda.anaconda.org/bioconda/linux-64/mappy-2.30-py311h384fd50_0.tar.bz2
https://conda.anaconda.org/conda-forge/linux-64/markupsafe-3.0.3-py311h3778330_1.conda
https://conda.anaconda.org/bioconda/linux-64/megahit-1.2.9-haf24da9_8.tar.bz2
https://conda.anaconda.org/conda-forge/linux-64/mpc-1.3.1-h24ddda3_1.conda
https://conda.anaconda.org/conda-forge/noarch/mpmath-1.3.0-pyhd8ed1ab_1.conda
https://conda.anaconda.org/conda-forge/noarch/munkres-1.1.4-pyhd8ed1ab_1.conda
https://conda.anaconda.org/conda-forge/noarch/networkx-3.6.1-pyhcf101f3_0.conda
https://conda.anaconda.org/conda-forge/linux-64/orjson-3.11.7-py311h7098c77_0.conda
https://conda.anaconda.org/conda-forge/noarch/packaging-26.0-pyhcf101f3_0.conda
https://conda.anaconda.org/bioconda/linux-64/perl-xml-simple-2.22-0.tar.bz2
https://conda.anaconda.org/conda-forge/linux-64/pillow-11.3.0-py311h98278a2_3.conda
https://conda.anaconda.org/bioconda/linux-64/porechop-0.2.4-py311he264feb_9.tar.bz2
https://conda.anaconda.org/conda-forge/noarch/progressbar33-2.4-pyhd8ed1ab_1.conda
https://conda.anaconda.org/bioconda/linux-64/pyabpoa-1.5.6-py311hbd8efe9_0.conda
https://conda.anaconda.org/conda-forge/noarch/pybind11-global-3.0.1-pyhc7ab6ef_0.conda
https://conda.anaconda.org/conda-forge/noarch/pycparser-2.22-pyh29332c3_1.conda
https://conda.anaconda.org/conda-forge/noarch/pyparsing-3.3.2-pyhcf101f3_0.conda
https://conda.anaconda.org/bioconda/linux-64/pysam-0.23.3-py311hb456a96_1.tar.bz2
https://conda.anaconda.org/conda-forge/noarch/pysocks-1.7.1-pyha55dd90_7.conda
https://conda.anaconda.org/bioconda/linux-64/pyspoa-0.3.2-py311h93bbee8_1.conda
https://conda.anaconda.org/bioconda/linux-64/python-edlib-1.3.9.post1-py311hf552afe_3.conda
https://conda.anaconda.org/conda-forge/noarch/pyvers-0.2.2-pyhcf101f3_0.conda
https://conda.anaconda.org/bioconda/linux-64/racon-1.5.0-h077b44d_8.conda
https://conda.anaconda.org/conda-forge/noarch/setuptools-82.0.0-pyh332efcf_0.conda
https://conda.anaconda.org/conda-forge/noarch/six-1.17.0-pyhe01879c_1.conda
https://conda.anaconda.org/conda-forge/noarch/sortedcontainers-2.4.0-pyhd8ed1ab_1.conda
https://conda.anaconda.org/bioconda/linux-64/spades-4.2.0-h8d6e82b_2.conda
https://conda.anaconda.org/conda-forge/noarch/toml-0.10.2-pyhcf101f3_3.conda
https://conda.anaconda.org/conda-forge/noarch/tqdm-4.67.3-pyh8f84b5b_0.conda
https://conda.anaconda.org/conda-forge/noarch/typing_extensions-4.15.0-pyhcf101f3_0.conda
https://conda.anaconda.org/conda-forge/linux-64/unicodedata2-17.0.1-py311h49ec1c0_0.conda
https://conda.anaconda.org/conda-forge/linux-64/wrapt-2.1.1-py311h49ec1c0_0.conda
https://conda.anaconda.org/conda-forge/noarch/wurlitzer-3.1.1-pyhd8ed1ab_1.conda
https://conda.anaconda.org/conda-forge/linux-64/xorg-libxi-1.8.2-hb9d3cd8_0.conda
https://conda.anaconda.org/conda-forge/linux-64/xorg-libxrandr-1.5.5-hb03c661_0.conda
https://conda.anaconda.org/conda-forge/noarch/zipp-3.23.0-pyhcf101f3_1.conda
https://conda.anaconda.org/bioconda/linux-64/blast-2.17.0-h66d330f_0.conda
https://conda.anaconda.org/conda-forge/noarch/cached-property-1.5.2-hd8ed1ab_1.tar.bz2
https://conda.anaconda.org/conda-forge/linux-64/cairo-1.18.4-h3394656_0.conda
https://conda.anaconda.org/conda-forge/linux-64/cffi-2.0.0-py311h03d9500_1.conda
https://conda.anaconda.org/conda-forge/noarch/deprecated-1.3.1-pyhd8ed1ab_1.conda
https://conda.anaconda.org/conda-forge/linux-64/fonttools-4.61.1-py311h3778330_0.conda
https://conda.anaconda.org/conda-forge/linux-64/gfortran_impl_linux-64-15.2.0-h281d09f_18.conda
https://conda.anaconda.org/conda-forge/linux-64/gmpy2-2.2.1-py311h92a432a_2.conda
https://conda.anaconda.org/conda-forge/linux-64/gxx_impl_linux-64-15.2.0-hda75c37_18.conda
https://conda.anaconda.org/conda-forge/noarch/h2-4.3.0-pyhcf101f3_0.conda
https://conda.anaconda.org/conda-forge/noarch/importlib-metadata-8.7.0-pyhe01879c_1.conda
https://conda.anaconda.org/conda-forge/noarch/intervaltree-3.1.0-pyhd8ed1ab_1.conda
https://conda.anaconda.org/conda-forge/noarch/jinja2-3.1.6-pyhcf101f3_1.conda
https://conda.anaconda.org/conda-forge/linux-64/libhwloc-2.12.2-default_hafda6a7_1000.conda
https://conda.anaconda.org/conda-forge/noarch/pybind11-3.0.1-pyh7a1b43c_0.conda
https://conda.anaconda.org/conda-forge/noarch/pydantic-1.10.22-pyh3cfb1c2_0.conda
https://conda.anaconda.org/conda-forge/noarch/python-dateutil-2.9.0.post0-pyhe01879c_2.conda
https://conda.anaconda.org/bioconda/linux-64/samtools-1.23-h96c455f_0.conda
https://conda.anaconda.org/conda-forge/noarch/typing-extensions-4.15.0-h396c80c_0.conda
https://conda.anaconda.org/conda-forge/noarch/wheel-0.46.3-pyhd8ed1ab_0.conda
https://conda.anaconda.org/conda-forge/linux-64/xorg-libxtst-1.2.5-hb9d3cd8_3.conda
https://conda.anaconda.org/conda-forge/linux-64/grpcio-1.78.0-py311h3aa0767_1.conda
https://conda.anaconda.org/conda-forge/linux-64/harfbuzz-11.0.0-h76408a6_0.conda
https://conda.anaconda.org/conda-forge/linux-64/optree-0.19.0-py311hdf67eae_0.conda
https://conda.anaconda.org/conda-forge/noarch/pip-26.0.1-pyh8b19718_0.conda
https://conda.anaconda.org/conda-forge/noarch/sympy-1.14.0-pyh2585a3b_106.conda
https://conda.anaconda.org/conda-forge/linux-64/tbb-2022.3.0-hb700be7_2.conda
https://conda.anaconda.org/bioconda/linux-64/unicycler-0.5.1-py311hc84137b_5.tar.bz2
https://conda.anaconda.org/conda-forge/noarch/urllib3-2.6.3-pyhd8ed1ab_0.conda
https://conda.anaconda.org/conda-forge/linux-64/mkl-2025.3.0-h0e700b2_463.conda
https://conda.anaconda.org/conda-forge/linux-64/openjdk-23.0.2-h53dfc1b_2.conda
https://conda.anaconda.org/conda-forge/linux-64/pango-1.56.3-h9ac818e_1.conda
https://conda.anaconda.org/conda-forge/noarch/requests-2.32.5-pyhcf101f3_1.conda
https://conda.anaconda.org/conda-forge/linux-64/libblas-3.11.0-5_h5875eb1_mkl.conda
https://conda.anaconda.org/bioconda/noarch/minced-0.4.2-hdfd78af_1.tar.bz2
https://conda.anaconda.org/conda-forge/linux-64/libcblas-3.11.0-5_hfef963f_mkl.conda
https://conda.anaconda.org/conda-forge/linux-64/liblapack-3.11.0-5_h5e43f62_mkl.conda
https://conda.anaconda.org/conda-forge/linux-64/gsl-2.7-he838d99_0.tar.bz2
https://conda.anaconda.org/conda-forge/linux-64/libtorch-2.10.0-cpu_mkl_h7058990_103.conda
https://conda.anaconda.org/conda-forge/linux-64/numpy-2.4.2-py311h2e04523_1.conda
https://conda.anaconda.org/bioconda/linux-64/bcftools-1.23-h3a4d415_0.conda
https://conda.anaconda.org/conda-forge/linux-64/biopython-1.86-py311h49ec1c0_1.conda
https://conda.anaconda.org/conda-forge/linux-64/contourpy-1.3.3-py311h724c32c_4.conda
https://conda.anaconda.org/bioconda/linux-64/fastani-1.34-hb66fcc3_6.tar.bz2
https://conda.anaconda.org/conda-forge/linux-64/h5py-3.15.1-nompi_py311h0b2f468_101.conda
https://conda.anaconda.org/bioconda/linux-64/hmmer-3.4-hb6cb901_4.tar.bz2
https://conda.anaconda.org/bioconda/linux-64/ncls-0.0.70-py311haab0aaa_0.tar.bz2
https://conda.anaconda.org/conda-forge/linux-64/pandas-3.0.1-py311h8032f78_0.conda
https://conda.anaconda.org/bioconda/linux-64/parasail-python-1.3.4-py311h6947f6e_6.conda
https://conda.anaconda.org/conda-forge/linux-64/pytorch-2.10.0-cpu_mkl_py311_h3da180d_103.conda
https://conda.anaconda.org/conda-forge/linux-64/r-base-4.4.2-hbab086e_1.conda
https://conda.anaconda.org/conda-forge/linux-64/scipy-1.17.1-py311hbe70eeb_0.conda
https://conda.anaconda.org/bioconda/noarch/barrnap-0.9-hdfd78af_4.tar.bz2
https://conda.anaconda.org/bioconda/noarch/gtdbtk-2.6.1-pyh1f0d9b5_2.conda
https://conda.anaconda.org/conda-forge/linux-64/matplotlib-base-3.10.8-py311h0f3be63_0.conda
https://conda.anaconda.org/bioconda/noarch/nanoget-1.19.4-pyhdfd78af_0.conda
https://conda.anaconda.org/bioconda/noarch/nanomath-1.4.0-pyhdfd78af_0.tar.bz2
https://conda.anaconda.org/bioconda/noarch/ont-fast5-api-4.1.3-pyhdfd78af_0.tar.bz2
https://conda.anaconda.org/conda-forge/noarch/r-biocmanager-1.30.27-r44hc72bb7e_0.conda
https://conda.anaconda.org/conda-forge/linux-64/r-cli-3.6.5-r44h3697838_1.conda
https://conda.anaconda.org/conda-forge/linux-64/r-colorspace-2.1_2-r44h54b55ab_0.conda
https://conda.anaconda.org/conda-forge/noarch/r-cpp11-0.5.3-r44h785f33e_0.conda
https://conda.anaconda.org/conda-forge/noarch/r-crayon-1.5.3-r44hc72bb7e_2.conda
https://conda.anaconda.org/conda-forge/linux-64/r-fansi-1.0.7-r44h54b55ab_0.conda
https://conda.anaconda.org/conda-forge/linux-64/r-farver-2.1.2-r44h3697838_2.conda
https://conda.anaconda.org/conda-forge/noarch/r-generics-0.1.4-r44hc72bb7e_1.conda
https://conda.anaconda.org/conda-forge/linux-64/r-glue-1.8.0-r44h54b55ab_1.conda
https://conda.anaconda.org/conda-forge/noarch/r-labeling-0.4.3-r44hc72bb7e_2.conda
https://conda.anaconda.org/conda-forge/linux-64/r-lattice-0.22_9-r44h54b55ab_0.conda
https://conda.anaconda.org/conda-forge/linux-64/r-magrittr-2.0.4-r44h54b55ab_0.conda
https://conda.anaconda.org/conda-forge/noarch/r-pkgconfig-2.0.3-r44hc72bb7e_5.conda
https://conda.anaconda.org/conda-forge/noarch/r-r6-2.6.1-r44hc72bb7e_1.conda
https://conda.anaconda.org/conda-forge/noarch/r-rcolorbrewer-1.1_3-r44h785f33e_4.conda
https://conda.anaconda.org/conda-forge/linux-64/r-rlang-1.1.7-r44h3697838_0.conda
https://conda.anaconda.org/conda-forge/linux-64/r-s7-0.2.1-r44h54b55ab_0.conda
https://conda.anaconda.org/conda-forge/linux-64/r-utf8-1.2.6-r44h54b55ab_1.conda
https://conda.anaconda.org/conda-forge/noarch/r-viridislite-0.4.3-r44hc72bb7e_0.conda
https://conda.anaconda.org/conda-forge/noarch/r-withr-3.0.2-r44hc72bb7e_1.conda
https://conda.anaconda.org/conda-forge/linux-64/tensordict-0.11.0-py311h97a283f_2.conda
https://conda.anaconda.org/bioconda/noarch/checkm-genome-1.2.4-pyhdfd78af_0.tar.bz2
https://conda.anaconda.org/bioconda/linux-64/medaka-2.2.0-py311h1d3aea1_0.conda
https://conda.anaconda.org/bioconda/noarch/nanofilt-2.8.0-py_0.tar.bz2
https://conda.anaconda.org/bioconda/noarch/pomoxis-0.3.16-pyhdfd78af_0.tar.bz2
https://conda.anaconda.org/bioconda/linux-64/prokka-1.13-2.tar.bz2
https://conda.anaconda.org/conda-forge/linux-64/r-ellipsis-0.3.2-r44h54b55ab_4.conda
https://conda.anaconda.org/conda-forge/linux-64/r-isoband-0.3.0-r44h3697838_0.conda
https://conda.anaconda.org/conda-forge/noarch/r-lifecycle-1.0.5-r44hc72bb7e_0.conda
https://conda.anaconda.org/conda-forge/linux-64/r-matrix-1.7_4-r44h0e4624f_1.conda
https://conda.anaconda.org/conda-forge/noarch/r-munsell-0.5.1-r44hc72bb7e_2.conda
https://conda.anaconda.org/conda-forge/noarch/r-gtable-0.3.6-r44hc72bb7e_1.conda
https://conda.anaconda.org/conda-forge/noarch/r-scales-1.4.0-r44hc72bb7e_1.conda
https://conda.anaconda.org/conda-forge/linux-64/r-vctrs-0.7.1-r44h3697838_0.conda
https://conda.anaconda.org/conda-forge/noarch/r-ggplot2-4.0.2-r44h785f33e_0.conda
https://conda.anaconda.org/conda-forge/linux-64/r-igraph-2.1.4-r44hf411e2a_2.conda
https://conda.anaconda.org/conda-forge/noarch/r-pillar-1.11.1-r44hc72bb7e_0.conda
https://conda.anaconda.org/conda-forge/noarch/r-tidyselect-1.2.1-r44hc72bb7e_2.conda
https://conda.anaconda.org/conda-forge/linux-64/r-tibble-3.3.1-r44h54b55ab_0.conda
https://conda.anaconda.org/conda-forge/linux-64/r-dplyr-1.2.0-r44h3697838_0.conda
